
Microsoft Visual Studio Solution File, Format Version 12.00
# Visual Studio Version 16
VisualStudioVersion = 16.0.29519.87
MinimumVisualStudioVersion = 10.0.40219.1
Project("{FAE04EC0-301F-11D3-BF4B-00C04F79EFBC}") = "AuthenticationProject", "AuthenticationProject\AuthenticationProject.csproj", "{12D58156-6794-4472-8A7D-5D09218DB792}"
EndProject
Global
	GlobalSection(SolutionConfigurationPlatforms) = preSolution
		Debug|Any CPU = Debug|Any CPU
		Release|Any CPU = Release|Any CPU
	EndGlobalSection
	GlobalSection(ProjectConfigurationPlatforms) = postSolution
		{12D58156-6794-4472-8A7D-5D09218DB792}.Debug|Any CPU.ActiveCfg = Debug|Any CPU
		{12D58156-6794-4472-8A7D-5D09218DB792}.Debug|Any CPU.Build.0 = Debug|Any CPU
		{12D58156-6794-4472-8A7D-5D09218DB792}.Release|Any CPU.ActiveCfg = Release|Any CPU
		{12D58156-6794-4472-8A7D-5D09218DB792}.Release|Any CPU.Build.0 = Release|Any CPU
	EndGlobalSection
	GlobalSection(SolutionProperties) = preSolution
		HideSolutionNode = FALSE
	EndGlobalSection
	GlobalSection(ExtensibilityGlobals) = postSolution
		SolutionGuid = {49D5DEBE-BADE-451F-A1C2-03AFA8F64D09}
	EndGlobalSection
EndGlobal
